// !$*UTF8*$!
{
	archiveVersion = 1;
	classes = {
	};
	objectVersion = 50;
	objects = {

/* Begin PBXBuildFile section */
		4B218EDA241FD6F400E21092 /* AppDelegate.swift in Sources */ = {isa = PBXBuildFile; fileRef = 4B218ED9241FD6F400E21092 /* AppDelegate.swift */; };
		4B218EDC241FD6F400E21092 /* SceneDelegate.swift in Sources */ = {isa = PBXBuildFile; fileRef = 4B218EDB241FD6F400E21092 /* SceneDelegate.swift */; };
		4B218EE1241FD6F400E21092 /* Main.storyboard in Resources */ = {isa = PBXBuildFile; fileRef = 4B218EDF241FD6F400E21092 /* Main.storyboard */; };
		4B218EE3241FD6F500E21092 /* Assets.xcassets in Resources */ = {isa = PBXBuildFile; fileRef = 4B218EE2241FD6F500E21092 /* Assets.xcassets */; };
		4B218EE6241FD6F500E21092 /* LaunchScreen.storyboard in Resources */ = {isa = PBXBuildFile; fileRef = 4B218EE4241FD6F500E21092 /* LaunchScreen.storyboard */; };
		4B218EF4241FDE0300E21092 /* ExtsViewController.swift in Sources */ = {isa = PBXBuildFile; fileRef = 4B218EF3241FDE0300E21092 /* ExtsViewController.swift */; };
		4B218EF6241FDED900E21092 /* Exts.swift in Sources */ = {isa = PBXBuildFile; fileRef = 4B218EF5241FDED900E21092 /* Exts.swift */; };
/* End PBXBuildFile section */

/* Begin PBXFileReference section */
		4B218ED6241FD6F400E21092 /* ExtensionDemo.app */ = {isa = PBXFileReference; explicitFileType = wrapper.application; includeInIndex = 0; path = ExtensionDemo.app; sourceTree = BUILT_PRODUCTS_DIR; };
		4B218ED9241FD6F400E21092 /* AppDelegate.swift */ = {isa = PBXFileReference; lastKnownFileType = sourcecode.swift; path = AppDelegate.swift; sourceTree = "<group>"; };
		4B218EDB241FD6F400E21092 /* SceneDelegate.swift */ = {isa = PBXFileReference; lastKnownFileType = sourcecode.swift; path = SceneDelegate.swift; sourceTree = "<group>"; };
		4B218EE0241FD6F400E21092 /* Base */ = {isa = PBXFileReference; lastKnownFileType = file.storyboard; name = Base; path = Base.lproj/Main.storyboard; sourceTree = "<group>"; };
		4B218EE2241FD6F500E21092 /* Assets.xcassets */ = {isa = PBXFileReference; lastKnownFileType = folder.assetcatalog; path = Assets.xcassets; sourceTree = "<group>"; };
		4B218EE5241FD6F500E21092 /* Base */ = {isa = PBXFileReference; lastKnownFileType = file.storyboard; name = Base; path = Base.lproj/LaunchScreen.storyboard; sourceTree = "<group>"; };
		4B218EE7241FD6F500E21092 /* Info.plist */ = {isa = PBXFileReference; lastKnownFileType = text.plist.xml; path = Info.plist; sourceTree = "<group>"; };
		4B218EF3241FDE0300E21092 /* ExtsViewController.swift */ = {isa = PBXFileReference; lastKnownFileType = sourcecode.swift; path = ExtsViewController.swift; sourceTree = "<group>"; };
		4B218EF5241FDED900E21092 /* Exts.swift */ = {isa = PBXFileReference; lastKnownFileType = sourcecode.swift; path = Exts.swift; sourceTree = "<group>"; };
/* End PBXFileReference section */

/* Begin PBXFrameworksBuildPhase section */
		4B218ED3241FD6F400E21092 /* Frameworks */ = {
			isa = PBXFrameworksBuildPhase;
			buildActionMask = 2147483647;
			files = (
			);
			runOnlyForDeploymentPostprocessing = 0;
		};
/* End PBXFrameworksBuildPhase section */

/* Begin PBXGroup section */
		4B218ECD241FD6F400E21092 = {
			isa = PBXGroup;
			children = (
				4B218ED8241FD6F400E21092 /* ExtensionDemo */,
				4B218ED7241FD6F400E21092 /* Products */,
			);
			sourceTree = "<group>";
		};
		4B218ED7241FD6F400E21092 /* Products */ = {
			isa = PBXGroup;
			children = (
				4B218ED6241FD6F400E21092 /* ExtensionDemo.app */,
			);
			name = Products;
			sourceTree = "<group>";
		};
		4B218ED8241FD6F400E21092 /* ExtensionDemo */ = {
			isa = PBXGroup;
			children = (
				4B218ED9241FD6F400E21092 /* AppDelegate.swift */,
				4B218EDB241FD6F400E21092 /* SceneDelegate.swift */,
				4B218EF3241FDE0300E21092 /* ExtsViewController.swift */,
				4B218EF5241FDED900E21092 /* Exts.swift */,
				4B218EDF241FD6F400E21092 /* Main.storyboard */,
				4B218EE2241FD6F500E21092 /* Assets.xcassets */,
				4B218EE4241FD6F500E21092 /* LaunchScreen.storyboard */,
				4B218EE7241FD6F500E21092 /* Info.plist */,
			);
			path = ExtensionDemo;
			sourceTree = "<group>";
		};
/* End PBXGroup section */

/* Begin PBXNativeTarget section */
		4B218ED5241FD6F400E21092 /* ExtensionDemo */ = {
			isa = PBXNativeTarget;
			buildConfigurationList = 4B218EEA241FD6F500E21092 /* Build configuration list for PBXNativeTarget "ExtensionDemo" */;
			buildPhases = (
				4B218ED2241FD6F400E21092 /* Sources */,
				4B218ED3241FD6F400E21092 /* Frameworks */,
				4B218ED4241FD6F400E21092 /* Resources */,
			);
			buildRules = (
			);
			dependencies = (
			);
			name = ExtensionDemo;
			productName = ExtensionDemo;
			productReference = 4B218ED6241FD6F400E21092 /* ExtensionDemo.app */;
			productType = "com.apple.product-type.application";
		};
/* End PBXNativeTarget section */

/* Begin PBXProject section */
		4B218ECE241FD6F400E21092 /* Project object */ = {
			isa = PBXProject;
			attributes = {
				LastSwiftUpdateCheck = 1130;
				LastUpgradeCheck = 1130;
				ORGANIZATIONNAME = "Cliff Sharp";
				TargetAttributes = {
					4B218ED5241FD6F400E21092 = {
						CreatedOnToolsVersion = 11.3.1;
					};
				};
			};
			buildConfigurationList = 4B218ED1241FD6F400E21092 /* Build configuration list for PBXProject "ExtensionDemo" */;
			compatibilityVersion = "Xcode 9.3";
			developmentRegion = en;
			hasScannedForEncodings = 0;
			knownRegions = (
				en,
				Base,
			);
			mainGroup = 4B218ECD241FD6F400E21092;
			productRefGroup = 4B218ED7241FD6F400E21092 /* Products */;
			projectDirPath = "";
			projectRoot = "";
			targets = (
				4B218ED5241FD6F400E21092 /* ExtensionDemo */,
			);
		};
/* End PBXProject section */

/* Begin PBXResourcesBuildPhase section */
		4B218ED4241FD6F400E21092 /* Resources */ = {
			isa = PBXResourcesBuildPhase;
			buildActionMask = 2147483647;
			files = (
				4B218EE6241FD6F500E21092 /* LaunchScreen.storyboard in Resources */,
				4B218EE3241FD6F500E21092 /* Assets.xcassets in Resources */,
				4B218EE1241FD6F400E21092 /* Main.storyboard in Resources */,
			);
			runOnlyForDeploymentPostprocessing = 0;
		};
/* End PBXResourcesBuildPhase section */

/* Begin PBXSourcesBuildPhase section */
		4B218ED2241FD6F400E21092 /* Sources */ = {
			isa = PBXSourcesBuildPhase;
			buildActionMask = 2147483647;
			files = (
				4B218EF6241FDED900E21092 /* Exts.swift in Sources */,
				4B218EF4241FDE0300E21092 /* ExtsViewController.swift in Sources */,
				4B218EDA241FD6F400E21092 /* AppDelegate.swift in Sources */,
				4B218EDC241FD6F400E21092 /* SceneDelegate.swift in Sources */,
			);
			runOnlyForDeploymentPostprocessing = 0;
		};
/* End PBXSourcesBuildPhase section */

/* Begin PBXVariantGroup section */
		4B218EDF241FD6F400E21092 /* Main.storyboard */ = {
			isa = PBXVariantGroup;
			children = (
				4B218EE0241FD6F400E21092 /* Base */,
			);
			name = Main.storyboard;
			sourceTree = "<group>";
		};
		4B218EE4241FD6F500E21092 /* LaunchScreen.storyboard */ = {
			isa = PBXVariantGroup;
			children = (
				4B218EE5241FD6F500E21092 /* Base */,
			);
			name = LaunchScreen.storyboard;
			sourceTree = "<group>";
		};
/* End PBXVariantGroup section */

/* Begin XCBuildConfiguration section */
		4B218EE8241FD6F500E21092 /* Debug */ = {
			isa = XCBuildConfiguration;
			buildSettings = {
				ALWAYS_SEARCH_USER_PATHS = NO;
				CLANG_ANALYZER_NONNULL = YES;
				CLANG_ANALYZER_NUMBER_OBJECT_CONVERSION = YES_AGGRESSIVE;
				CLANG_CXX_LANGUAGE_STANDARD = "gnu++14";
				CLANG_CXX_LIBRARY = "libc++";
				CLANG_ENABLE_MODULES = YES;
				CLANG_ENABLE_OBJC_ARC = YES;
				CLANG_ENABLE_OBJC_WEAK = YES;
				CLANG_WARN_BLOCK_CAPTURE_AUTORELEASING = YES;
				CLANG_WARN_BOOL_CONVERSION = YES;
				CLANG_WARN_COMMA = YES;
				CLANG_WARN_CONSTANT_CONVERSION = YES;
				CLANG_WARN_DEPRECATED_OBJC_IMPLEMENTATIONS = YES;
				CLANG_WARN_DIRECT_OBJC_ISA_USAGE = YES_ERROR;
				CLANG_WARN_DOCUMENTATION_COMMENTS = YES;
				CLANG_WARN_EMPTY_BODY = YES;
				CLANG_WARN_ENUM_CONVERSION = YES;
				CLANG_WARN_INFINITE_RECURSION = YES;
				CLANG_WARN_INT_CONVERSION = YES;
				CLANG_WARN_NON_LITERAL_NULL_CONVERSION = YES;
				CLANG_WARN_OBJC_IMPLICIT_RETAIN_SELF = YES;
				CLANG_WARN_OBJC_LITERAL_CONVERSION = YES;
				CLANG_WARN_OBJC_ROOT_CLASS = YES_ERROR;
				CLANG_WARN_RANGE_LOOP_ANALYSIS = YES;
				CLANG_WARN_STRICT_PROTOTYPES = YES;
				CLANG_WARN_SUSPICIOUS_MOVE = YES;
				CLANG_WARN_UNGUARDED_AVAILABILITY = YES_AGGRESSIVE;
				CLANG_WARN_UNREACHABLE_CODE = YES;
				CLANG_WARN__DUPLICATE_METHOD_MATCH = YES;
				COPY_PHASE_STRIP = NO;
				DEBUG_INFORMATION_FORMAT = dwarf;
				ENABLE_STRICT_OBJC_MSGSEND = YES;
				ENABLE_TESTABILITY = YES;
				GCC_C_LANGUAGE_STANDARD = gnu11;
				GCC_DYNAMIC_NO_PIC = NO;
				GCC_NO_COMMON_BLOCKS = YES;
				GCC_OPTIMIZATION_LEVEL = 0;
				GCC_PREPROCESSOR_DEFINITIONS = (
					"DEBUG=1",
					"$(inherited)",
				);
				GCC_WARN_64_TO_32_BIT_CONVERSION = YES;
				GCC_WARN_ABOUT_RETURN_TYPE = YES_ERROR;
				GCC_WARN_UNDECLARED_SELECTOR = YES;
				GCC_WARN_UNINITIALIZED_AUTOS = YES_AGGRESSIVE;
				GCC_WARN_UNUSED_FUNCTION = YES;
				GCC_WARN_UNUSED_VARIABLE = YES;
				IPHONEOS_DEPLOYMENT_TARGET = 13.2;
				MTL_ENABLE_DEBUG_INFO = INCLUDE_SOURCE;
				MTL_FAST_MATH = YES;
				ONLY_ACTIVE_ARCH = YES;
				SDKROOT = iphoneos;
				SWIFT_ACTIVE_COMPILATION_CONDITIONS = DEBUG;
				SWIFT_OPTIMIZATION_LEVEL = "-Onone";
			};
			name = Debug;
		};
		4B218EE9241FD6F500E21092 /* Release */ = {
			isa = XCBuildConfiguration;
			buildSettings = {
				ALWAYS_SEARCH_USER_PATHS = NO;
				CLANG_ANALYZER_NONNULL = YES;
				CLANG_ANALYZER_NUMBER_OBJECT_CONVERSION = YES_AGGRESSIVE;
				CLANG_CXX_LANGUAGE_STANDARD = "gnu++14";
				CLANG_CXX_LIBRARY = "libc++";
				CLANG_ENABLE_MODULES = YES;
				CLANG_ENABLE_OBJC_ARC = YES;
				CLANG_ENABLE_OBJC_WEAK = YES;
				CLANG_WARN_BLOCK_CAPTURE_AUTORELEASING = YES;
				CLANG_WARN_BOOL_CONVERSION = YES;
				CLANG_WARN_COMMA = YES;
				CLANG_WARN_CONSTANT_CONVERSION = YES;
				CLANG_WARN_DEPRECATED_OBJC_IMPLEMENTATIONS = YES;
				CLANG_WARN_DIRECT_OBJC_ISA_USAGE = YES_ERROR;
				CLANG_WARN_DOCUMENTATION_COMMENTS = YES;
				CLANG_WARN_EMPTY_BODY = YES;
				CLANG_WARN_ENUM_CONVERSION = YES;
				CLANG_WARN_INFINITE_RECURSION = YES;
				CLANG_WARN_INT_CONVERSION = YES;
				CLANG_WARN_NON_LITERAL_NULL_CONVERSION = YES;
				CLANG_WARN_OBJC_IMPLICIT_RETAIN_SELF = YES;
				CLANG_WARN_OBJC_LITERAL_CONVERSION = YES;
				CLANG_WARN_OBJC_ROOT_CLASS = YES_ERROR;
				CLANG_WARN_RANGE_LOOP_ANALYSIS = YES;
				CLANG_WARN_STRICT_PROTOTYPES = YES;
				CLANG_WARN_SUSPICIOUS_MOVE = YES;
				CLANG_WARN_UNGUARDED_AVAILABILITY = YES_AGGRESSIVE;
				CLANG_WARN_UNREACHABLE_CODE = YES;
				CLANG_WARN__DUPLICATE_METHOD_MATCH = YES;
				COPY_PHASE_STRIP = NO;
				DEBUG_INFORMATION_FORMAT = "dwarf-with-dsym";
				ENABLE_NS_ASSERTIONS = NO;
				ENABLE_STRICT_OBJC_MSGSEND = YES;
				GCC_C_LANGUAGE_STANDARD = gnu11;
				GCC_NO_COMMON_BLOCKS = YES;
				GCC_WARN_64_TO_32_BIT_CONVERSION = YES;
				GCC_WARN_ABOUT_RETURN_TYPE = YES_ERROR;
				GCC_WARN_UNDECLARED_SELECTOR = YES;
				GCC_WARN_UNINITIALIZED_AUTOS = YES_AGGRESSIVE;
				GCC_WARN_UNUSED_FUNCTION = YES;
				GCC_WARN_UNUSED_VARIABLE = YES;
				IPHONEOS_DEPLOYMENT_TARGET = 13.2;
				MTL_ENABLE_DEBUG_INFO = NO;
				MTL_FAST_MATH = YES;
				SDKROOT = iphoneos;
				SWIFT_COMPILATION_MODE = wholemodule;
				SWIFT_OPTIMIZATION_LEVEL = "-O";
				VALIDATE_PRODUCT = YES;
			};
			name = Release;
		};
		4B218EEB241FD6F500E21092 /* Debug */ = {
			isa = XCBuildConfiguration;
			buildSettings = {
				ASSETCATALOG_COMPILER_APPICON_NAME = AppIcon;
				CODE_SIGN_STYLE = Manual;
				DEVELOPMENT_TEAM = "";
				INFOPLIST_FILE = ExtensionDemo/Info.plist;
				LD_RUNPATH_SEARCH_PATHS = (
					"$(inherited)",
					"@executable_path/Frameworks",
				);
				PRODUCT_BUNDLE_IDENTIFIER = com.FedEx.ExtensionDemo;
				PRODUCT_NAME = "$(TARGET_NAME)";
				PROVISIONING_PROFILE_SPECIFIER = "";
				SWIFT_VERSION = 5.0;
				TARGETED_DEVICE_FAMILY = "1,2";
			};
			name = Debug;
		};
		4B218EEC241FD6F500E21092 /* Release */ = {
			isa = XCBuildConfiguration;
			buildSettings = {
				ASSETCATALOG_COMPILER_APPICON_NAME = AppIcon;
				CODE_SIGN_STYLE = Manual;
				DEVELOPMENT_TEAM = "";
				INFOPLIST_FILE = ExtensionDemo/Info.plist;
				LD_RUNPATH_SEARCH_PATHS = (
					"$(inherited)",
					"@executable_path/Frameworks",
				);
				PRODUCT_BUNDLE_IDENTIFIER = com.FedEx.ExtensionDemo;
				PRODUCT_NAME = "$(TARGET_NAME)";
				PROVISIONING_PROFILE_SPECIFIER = "";
				SWIFT_VERSION = 5.0;
				TARGETED_DEVICE_FAMILY = "1,2";
			};
			name = Release;
		};
/* End XCBuildConfiguration section */

/* Begin XCConfigurationList section */
		4B218ED1241FD6F400E21092 /* Build configuration list for PBXProject "ExtensionDemo" */ = {
			isa = XCConfigurationList;
			buildConfigurations = (
				4B218EE8241FD6F500E21092 /* Debug */,
				4B218EE9241FD6F500E21092 /* Release */,
			);
			defaultConfigurationIsVisible = 0;
			defaultConfigurationName = Release;
		};
		4B218EEA241FD6F500E21092 /* Build configuration list for PBXNativeTarget "ExtensionDemo" */ = {
			isa = XCConfigurationList;
			buildConfigurations = (
				4B218EEB241FD6F500E21092 /* Debug */,
				4B218EEC241FD6F500E21092 /* Release */,
			);
			defaultConfigurationIsVisible = 0;
			defaultConfigurationName = Release;
		};
/* End XCConfigurationList section */
	};
	rootObject = 4B218ECE241FD6F400E21092 /* Project object */;
}
